
Microsoft Visual Studio Solution File, Format Version 12.00
# Visual Studio Version 16
VisualStudioVersion = 16.0.30503.244
MinimumVisualStudioVersion = 10.0.40219.1
Project("{9A19103F-16F7-4668-BE54-9A1E7A4F7556}") = "ModbusDemo", "ModbusDemo.csproj", "{518D3FE6-84A4-4D58-8F6D-F05056603E31}"
EndProject
Project("{FAE04EC0-301F-11D3-BF4B-00C04F79EFBC}") = "Modbus", "D:\Installation_package\Upper-computer-software-master\xinjie\Modbus\Modbus.csproj", "{1825E12D-F707-4F89-86F4-13CCE85990B3}"
EndProject
Global
	GlobalSection(SolutionConfigurationPlatforms) = preSolution
		Debug|Any CPU = Debug|Any CPU
		Release|Any CPU = Release|Any CPU
	EndGlobalSection
	GlobalSection(ProjectConfigurationPlatforms) = postSolution
		{518D3FE6-84A4-4D58-8F6D-F05056603E31}.Debug|Any CPU.ActiveCfg = Debug|Any CPU
		{518D3FE6-84A4-4D58-8F6D-F05056603E31}.Debug|Any CPU.Build.0 = Debug|Any CPU
		{518D3FE6-84A4-4D58-8F6D-F05056603E31}.Release|Any CPU.ActiveCfg = Release|Any CPU
		{518D3FE6-84A4-4D58-8F6D-F05056603E31}.Release|Any CPU.Build.0 = Release|Any CPU
		{1825E12D-F707-4F89-86F4-13CCE85990B3}.Debug|Any CPU.ActiveCfg = Debug|Any CPU
		{1825E12D-F707-4F89-86F4-13CCE85990B3}.Debug|Any CPU.Build.0 = Debug|Any CPU
		{1825E12D-F707-4F89-86F4-13CCE85990B3}.Release|Any CPU.ActiveCfg = Release|Any CPU
		{1825E12D-F707-4F89-86F4-13CCE85990B3}.Release|Any CPU.Build.0 = Release|Any CPU
	EndGlobalSection
	GlobalSection(SolutionProperties) = preSolution
		HideSolutionNode = FALSE
	EndGlobalSection
	GlobalSection(ExtensibilityGlobals) = postSolution
		SolutionGuid = {37112276-3EF2-4871-9D27-9DE52B84EF13}
	EndGlobalSection
EndGlobal
